{
  "name": "GooDeals",
  "lockfileVersion": 3,
  "requires": true,
  "packages": {
    "": {
      "dependencies": {
        "@icons-pack/react-simple-icons": "^13.13.0",
        "tech-stack-icons": "^3.7.1"
      }
    },
    "node_modules/@icons-pack/react-simple-icons": {
      "version": "13.13.0",
      "resolved": "https://registry.npmjs.org/@icons-pack/react-simple-icons/-/react-simple-icons-13.13.0.tgz",
      "integrity": "sha512-B5HhQMIpcSH4z8IZ8HFhD59CboHceKYMpPC9kAwGyKntvPdyJJv26DLu4Z1wAjcCLyrJhf11tMhiQGom9Rxb9g==",
      "license": "MIT",
      "engines": {
        "node": ">=24",
        "pnpm": ">=10"
      },
      "peerDependencies": {
        "react": "^16.13 || ^17 || ^18 || ^19"
      }
    },
    "node_modules/react": {
      "version": "19.2.5",
      "resolved": "https://registry.npmjs.org/react/-/react-19.2.5.tgz",
      "integrity": "sha512-llUJLzz1zTUBrskt2pwZgLq59AemifIftw4aB7JxOqf1HY2FDaGDxgwpAPVzHU1kdWabH7FauP4i1oEeer2WCA==",
      "license": "MIT",
      "peer": true,
      "engines": {
        "node": ">=0.10.0"
      }
    },
    "node_modules/react-dom": {
      "version": "19.2.5",
      "resolved": "https://registry.npmjs.org/react-dom/-/react-dom-19.2.5.tgz",
      "integrity": "sha512-J5bAZz+DXMMwW/wV3xzKke59Af6CHY7G4uYLN1OvBcKEsWOs4pQExj86BBKamxl/Ik5bx9whOrvBlSDfWzgSag==",
      "license": "MIT",
      "peer": true,
      "dependencies": {
        "scheduler": "^0.27.0"
      },
      "peerDependencies": {
        "react": "^19.2.5"
      }
    },
    "node_modules/scheduler": {
      "version": "0.27.0",
      "resolved": "https://registry.npmjs.org/scheduler/-/scheduler-0.27.0.tgz",
      "integrity": "sha512-eNv+WrVbKu1f3vbYJT/xtiF5syA5HPIMtf9IgY/nKg0sWqzAUEvqY/xm7OcZc/qafLx/iO9FgOmeSAp4v5ti/Q==",
      "license": "MIT",
      "peer": true
    },
    "node_modules/tech-stack-icons": {
      "version": "3.7.1",
      "resolved": "https://registry.npmjs.org/tech-stack-icons/-/tech-stack-icons-3.7.1.tgz",
      "integrity": "sha512-5BAWrYxK75zFVVS2ZQZCttQn0EW5dw8CtvMLYYYHIV1Mqhiog8pxWZtUF8uxXHp3b7l9g+YTkTyv6jQUzrCTMA==",
      "license": "MIT",
      "peerDependencies": {
        "react": "^18.2.0 || ^19.0.0",
        "react-dom": "^18.2.0 || ^19.0.0"
      }
    }
  }
}
